<?xml version="1.0" encoding="utf-8"?>
<Project ToolsVersion="4.0" xmlns="http://schemas.microsoft.com/developer/msbuild/2003">
  <ItemGroup>
    <Filter Include="Header Files">
      <UniqueIdentifier>{93995380-89BD-4b04-88EB-625FBE52EBFB}</UniqueIdentifier>
      <Extensions>h</Extensions>
    </Filter>
    <Filter Include="Header Files\GUI">
      <UniqueIdentifier>{42dca453-8055-4879-b3ee-e4bb0c8b28a9}</UniqueIdentifier>
    </Filter>
    <Filter Include="Header Files\SvgViewer">
      <UniqueIdentifier>{55da9b07-ff69-4b2a-97e2-5b0a1fa06aa0}</UniqueIdentifier>
    </Filter>
    <Filter Include="Header Files\Graphviz">
      <UniqueIdentifier>{b026d682-2e20-44c6-9429-46b919085b4c}</UniqueIdentifier>
    </Filter>
    <Filter Include="Header Files\RPair">
      <UniqueIdentifier>{78e1f8b2-e46b-47a0-9e6b-13366f6e2039}</UniqueIdentifier>
    </Filter>
    <Filter Include="Form Files">
      <UniqueIdentifier>{99349809-55BA-4b9d-BF79-8FDBB0286EB3}</UniqueIdentifier>
      <Extensions>ui</Extensions>
    </Filter>
    <Filter Include="Form Files\SvgViewer">
      <UniqueIdentifier>{ab171665-4fb0-4213-b567-164b6e4dfa5f}</UniqueIdentifier>
    </Filter>
    <Filter Include="Resource Files">
      <UniqueIdentifier>{D9D6E242-F8AF-46E4-B9FD-80ECBC20BA3E}</UniqueIdentifier>
      <Extensions>qrc;*</Extensions>
      <ParseFiles>false</ParseFiles>
    </Filter>
    <Filter Include="Generated Files">
      <UniqueIdentifier>{71ED8ED8-ACB9-4CE9-BBE1-E00B30144E11}</UniqueIdentifier>
      <Extensions>moc;h;cpp</Extensions>
      <SourceControlFiles>False</SourceControlFiles>
    </Filter>
    <Filter Include="Source Files">
      <UniqueIdentifier>{4FC737F1-C7A5-4376-A066-2A32D752A2FF}</UniqueIdentifier>
      <Extensions>cpp;cxx;c;def</Extensions>
    </Filter>
    <Filter Include="Source Files\GUI">
      <UniqueIdentifier>{ceb6faad-feea-45d6-9bdd-672ebd63b36d}</UniqueIdentifier>
    </Filter>
    <Filter Include="Source Files\SvgViewer">
      <UniqueIdentifier>{ee48cbef-3aaf-4be6-80f9-25c00e376f5f}</UniqueIdentifier>
    </Filter>
    <Filter Include="Source Files\Graphviz">
      <UniqueIdentifier>{7897c089-4bcd-4279-abf8-d88d454ae18e}</UniqueIdentifier>
    </Filter>
    <Filter Include="Source Files\RPair">
      <UniqueIdentifier>{31100e13-a24b-4022-9702-22c406280760}</UniqueIdentifier>
    </Filter>
  </ItemGroup>
  <ItemGroup>
    <ClInclude Include="ChemFormula.h">
      <Filter>Header Files</Filter>
    </ClInclude>
    <ClInclude Include="ConnectionObject.h">
      <Filter>Header Files</Filter>
    </ClInclude>
    <ClInclude Include="defines.h">
      <Filter>Header Files</Filter>
    </ClInclude>
    <ClInclude Include="Enzyme.h">
      <Filter>Header Files</Filter>
    </ClInclude>
    <ClInclude Include="FateMapCompound.h">
      <Filter>Header Files</Filter>
    </ClInclude>
    <ClInclude Include="Helper.h">
      <Filter>Header Files</Filter>
    </ClInclude>
    <ClInclude Include="ImportCompoundsFromKegg.h">
      <Filter>Header Files</Filter>
    </ClInclude>
    <ClInclude Include="ImportOrganism.h">
      <Filter>Header Files</Filter>
    </ClInclude>
    <ClInclude Include="MetabolicPath.h">
      <Filter>Header Files</Filter>
    </ClInclude>
    <ClInclude Include="MetaboliteObject.h">
      <Filter>Header Files</Filter>
    </ClInclude>
    <ClInclude Include="Options.h">
      <Filter>Header Files</Filter>
    </ClInclude>
    <ClInclude Include="Organism.h">
      <Filter>Header Files</Filter>
    </ClInclude>
    <ClInclude Include="OrganismBuildRule.h">
      <Filter>Header Files</Filter>
    </ClInclude>
    <ClInclude Include="Pool.h">
      <Filter>Header Files</Filter>
    </ClInclude>
    <ClInclude Include="Reaction.h">
      <Filter>Header Files</Filter>
    </ClInclude>
    <ClInclude Include="ReadOrganismsFromKegg.h">
      <Filter>Header Files</Filter>
    </ClInclude>
    <ClInclude Include="spirit_include.h">
      <Filter>Header Files</Filter>
    </ClInclude>
    <ClInclude Include="TreeNode.h">
      <Filter>Header Files</Filter>
    </ClInclude>
    <ClInclude Include="UserDataset.h">
      <Filter>Header Files</Filter>
    </ClInclude>
    <ClInclude Include="WinGraphviz.h">
      <Filter>Header Files</Filter>
    </ClInclude>
    <ClInclude Include="GraphvizEdgeAttributes.h">
      <Filter>Header Files\Graphviz</Filter>
    </ClInclude>
    <ClInclude Include="GraphvizNodeAttributes.h">
      <Filter>Header Files\Graphviz</Filter>
    </ClInclude>
    <ClInclude Include="CompoundDefinition.h">
      <Filter>Header Files\RPair</Filter>
    </ClInclude>
    <ClInclude Include="CompoundTransition.h">
      <Filter>Header Files\RPair</Filter>
    </ClInclude>
    <ClInclude Include="Polynom.h">
      <Filter>Header Files\RPair</Filter>
    </ClInclude>
    <ClInclude Include="RPair.h">
      <Filter>Header Files\RPair</Filter>
    </ClInclude>
    <ClInclude Include="TransitionMatrix.h">
      <Filter>Header Files\RPair</Filter>
    </ClInclude>
    <ClInclude Include="GeneratedFiles\ui_about.h">
      <Filter>Generated Files</Filter>
    </ClInclude>
    <ClInclude Include="GeneratedFiles\ui_browsecompoundswidget.h">
      <Filter>Generated Files</Filter>
    </ClInclude>
    <ClInclude Include="GeneratedFiles\ui_browsedatasets.h">
      <Filter>Generated Files</Filter>
    </ClInclude>
    <ClInclude Include="GeneratedFiles\ui_browseorganismswidget.h">
      <Filter>Generated Files</Filter>
    </ClInclude>
    <ClInclude Include="GeneratedFiles\ui_browsereactionswidget.h">
      <Filter>Generated Files</Filter>
    </ClInclude>
    <ClInclude Include="GeneratedFiles\ui_buildorganismwidget.h">
      <Filter>Generated Files</Filter>
    </ClInclude>
    <ClInclude Include="GeneratedFiles\ui_calculatelinkedreactions.h">
      <Filter>Generated Files</Filter>
    </ClInclude>
    <ClInclude Include="GeneratedFiles\ui_commonswidget.h">
      <Filter>Generated Files</Filter>
    </ClInclude>
    <ClInclude Include="GeneratedFiles\ui_importkegg.h">
      <Filter>Generated Files</Filter>
    </ClInclude>
    <ClInclude Include="GeneratedFiles\ui_importuserdatasets.h">
      <Filter>Generated Files</Filter>
    </ClInclude>
    <ClInclude Include="GeneratedFiles\ui_labelpositionassistent.h">
      <Filter>Generated Files</Filter>
    </ClInclude>
    <ClInclude Include="GeneratedFiles\ui_logwidget.h">
      <Filter>Generated Files</Filter>
    </ClInclude>
    <ClInclude Include="GeneratedFiles\ui_metabolicnavigator.h">
      <Filter>Generated Files</Filter>
    </ClInclude>
    <ClInclude Include="GeneratedFiles\ui_metabolicpathviewer.h">
      <Filter>Generated Files</Filter>
    </ClInclude>
    <ClInclude Include="GeneratedFiles\ui_metabolitesviewer.h">
      <Filter>Generated Files</Filter>
    </ClInclude>
    <ClInclude Include="GeneratedFiles\ui_mylabel.h">
      <Filter>Generated Files</Filter>
    </ClInclude>
    <ClInclude Include="GeneratedFiles\ui_mylineedit.h">
      <Filter>Generated Files</Filter>
    </ClInclude>
    <ClInclude Include="GeneratedFiles\ui_mytextedit.h">
      <Filter>Generated Files</Filter>
    </ClInclude>
    <ClInclude Include="GeneratedFiles\ui_palssonkeggconverter.h">
      <Filter>Generated Files</Filter>
    </ClInclude>
    <ClInclude Include="GeneratedFiles\ui_pathfinder.h">
      <Filter>Generated Files</Filter>
    </ClInclude>
    <ClInclude Include="GeneratedFiles\ui_progressdialog.h">
      <Filter>Generated Files</Filter>
    </ClInclude>
    <ClInclude Include="GeneratedFiles\ui_scopecheck.h">
      <Filter>Generated Files</Filter>
    </ClInclude>
    <ClInclude Include="GeneratedFiles\ui_searchdialog.h">
      <Filter>Generated Files</Filter>
    </ClInclude>
    <ClInclude Include="GeneratedFiles\ui_selectlabeldialog.h">
      <Filter>Generated Files</Filter>
    </ClInclude>
    <ClInclude Include="GeneratedFiles\ui_startupoptions.h">
      <Filter>Generated Files</Filter>
    </ClInclude>
    <ClInclude Include="GeneratedFiles\ui_transitionview.h">
      <Filter>Generated Files</Filter>
    </ClInclude>
    <ClInclude Include="WingraphvizManager.hpp">
      <Filter>Source Files\Graphviz</Filter>
    </ClInclude>
  </ItemGroup>
  <ItemGroup>
    <None Include="changelog.txt" />
    <None Include="ToDo.txt" />
  </ItemGroup>
  <ItemGroup>
    <ClCompile Include="GeneratedFiles\Release\moc_about.cpp">
      <Filter>Generated Files</Filter>
    </ClCompile>
    <ClCompile Include="GeneratedFiles\Debug\moc_about.cpp">
      <Filter>Generated Files</Filter>
    </ClCompile>
    <ClCompile Include="GeneratedFiles\Debug\moc_browsecompoundswidget.cpp">
      <Filter>Generated Files</Filter>
    </ClCompile>
    <ClCompile Include="GeneratedFiles\Release\moc_browsecompoundswidget.cpp">
      <Filter>Generated Files</Filter>
    </ClCompile>
    <ClCompile Include="GeneratedFiles\Debug + Preprocessor\moc_browsecompoundswidget.cpp">
      <Filter>Generated Files</Filter>
    </ClCompile>
    <ClCompile Include="GeneratedFiles\Debug\moc_browsedatasets.cpp">
      <Filter>Generated Files</Filter>
    </ClCompile>
    <ClCompile Include="GeneratedFiles\Release\moc_browsedatasets.cpp">
      <Filter>Generated Files</Filter>
    </ClCompile>
    <ClCompile Include="GeneratedFiles\Debug\moc_browseorganismswidget.cpp">
      <Filter>Generated Files</Filter>
    </ClCompile>
    <ClCompile Include="GeneratedFiles\Release\moc_browseorganismswidget.cpp">
      <Filter>Generated Files</Filter>
    </ClCompile>
    <ClCompile Include="GeneratedFiles\Debug + Preprocessor\moc_browseorganismswidget.cpp">
      <Filter>Generated Files</Filter>
    </ClCompile>
    <ClCompile Include="GeneratedFiles\Release\moc_browsereactionswidget.cpp">
      <Filter>Generated Files</Filter>
    </ClCompile>
    <ClCompile Include="GeneratedFiles\Debug + Preprocessor\moc_browsereactionswidget.cpp">
      <Filter>Generated Files</Filter>
    </ClCompile>
    <ClCompile Include="GeneratedFiles\Debug\moc_browsereactionswidget.cpp">
      <Filter>Generated Files</Filter>
    </ClCompile>
    <ClCompile Include="GeneratedFiles\Debug + Preprocessor\moc_buildorganismwidget.cpp">
      <Filter>Generated Files</Filter>
    </ClCompile>
    <ClCompile Include="GeneratedFiles\Debug\moc_buildorganismwidget.cpp">
      <Filter>Generated Files</Filter>
    </ClCompile>
    <ClCompile Include="GeneratedFiles\Release\moc_buildorganismwidget.cpp">
      <Filter>Generated Files</Filter>
    </ClCompile>
    <ClCompile Include="GeneratedFiles\Debug\moc_calculatelinkedreactions.cpp">
      <Filter>Generated Files</Filter>
    </ClCompile>
    <ClCompile Include="GeneratedFiles\Release\moc_calculatelinkedreactions.cpp">
      <Filter>Generated Files</Filter>
    </ClCompile>
    <ClCompile Include="GeneratedFiles\Debug\moc_commonswidget.cpp">
      <Filter>Generated Files</Filter>
    </ClCompile>
    <ClCompile Include="GeneratedFiles\Debug + Preprocessor\moc_commonswidget.cpp">
      <Filter>Generated Files</Filter>
    </ClCompile>
    <ClCompile Include="GeneratedFiles\Release\moc_commonswidget.cpp">
      <Filter>Generated Files</Filter>
    </ClCompile>
    <ClCompile Include="GeneratedFiles\Release\moc_dragwidget.cpp">
      <Filter>Generated Files</Filter>
    </ClCompile>
    <ClCompile Include="GeneratedFiles\Debug\moc_dragwidget.cpp">
      <Filter>Generated Files</Filter>
    </ClCompile>
    <ClCompile Include="GeneratedFiles\Release\moc_ImportEnzymesFromKegg.cpp">
      <Filter>Generated Files</Filter>
    </ClCompile>
    <ClCompile Include="GeneratedFiles\Debug + Preprocessor\moc_ImportEnzymesFromKegg.cpp">
      <Filter>Generated Files</Filter>
    </ClCompile>
    <ClCompile Include="GeneratedFiles\Debug\moc_ImportEnzymesFromKegg.cpp">
      <Filter>Generated Files</Filter>
    </ClCompile>
    <ClCompile Include="GeneratedFiles\Release\moc_importkegg.cpp">
      <Filter>Generated Files</Filter>
    </ClCompile>
    <ClCompile Include="GeneratedFiles\Debug\moc_importkegg.cpp">
      <Filter>Generated Files</Filter>
    </ClCompile>
    <ClCompile Include="GeneratedFiles\Release\moc_importkeggcompoundthread.cpp">
      <Filter>Generated Files</Filter>
    </ClCompile>
    <ClCompile Include="GeneratedFiles\Debug + Preprocessor\moc_importkeggcompoundthread.cpp">
      <Filter>Generated Files</Filter>
    </ClCompile>
    <ClCompile Include="GeneratedFiles\Debug\moc_importkeggcompoundthread.cpp">
      <Filter>Generated Files</Filter>
    </ClCompile>
    <ClCompile Include="GeneratedFiles\Debug\moc_ImportReactionsFromKegg.cpp">
      <Filter>Generated Files</Filter>
    </ClCompile>
    <ClCompile Include="GeneratedFiles\Release\moc_ImportReactionsFromKegg.cpp">
      <Filter>Generated Files</Filter>
    </ClCompile>
    <ClCompile Include="GeneratedFiles\Debug + Preprocessor\moc_ImportReactionsFromKegg.cpp">
      <Filter>Generated Files</Filter>
    </ClCompile>
    <ClCompile Include="GeneratedFiles\Release\moc_ImportSBML.cpp">
      <Filter>Generated Files</Filter>
    </ClCompile>
    <ClCompile Include="GeneratedFiles\Debug + Preprocessor\moc_ImportSBML.cpp">
      <Filter>Generated Files</Filter>
    </ClCompile>
    <ClCompile Include="GeneratedFiles\Debug\moc_ImportSBML.cpp">
      <Filter>Generated Files</Filter>
    </ClCompile>
    <ClCompile Include="GeneratedFiles\Debug\moc_importuserdatasets.cpp">
      <Filter>Generated Files</Filter>
    </ClCompile>
    <ClCompile Include="GeneratedFiles\Release\moc_importuserdatasets.cpp">
      <Filter>Generated Files</Filter>
    </ClCompile>
    <ClCompile Include="GeneratedFiles\Debug\moc_labelpositionassistent.cpp">
      <Filter>Generated Files</Filter>
    </ClCompile>
    <ClCompile Include="GeneratedFiles\Release\moc_labelpositionassistent.cpp">
      <Filter>Generated Files</Filter>
    </ClCompile>
    <ClCompile Include="GeneratedFiles\Debug + Preprocessor\moc_labelpositionassistent.cpp">
      <Filter>Generated Files</Filter>
    </ClCompile>
    <ClCompile Include="GeneratedFiles\Debug + Preprocessor\moc_logwidget.cpp">
      <Filter>Generated Files</Filter>
    </ClCompile>
    <ClCompile Include="GeneratedFiles\Release\moc_logwidget.cpp">
      <Filter>Generated Files</Filter>
    </ClCompile>
    <ClCompile Include="GeneratedFiles\Debug\moc_logwidget.cpp">
      <Filter>Generated Files</Filter>
    </ClCompile>
    <ClCompile Include="GeneratedFiles\Debug\moc_mainwindow.cpp">
      <Filter>Generated Files</Filter>
    </ClCompile>
    <ClCompile Include="GeneratedFiles\Release\moc_mainwindow.cpp">
      <Filter>Generated Files</Filter>
    </ClCompile>
    <ClCompile Include="GeneratedFiles\Release\moc_metabolicnavigator.cpp">
      <Filter>Generated Files</Filter>
    </ClCompile>
    <ClCompile Include="GeneratedFiles\Debug\moc_metabolicnavigator.cpp">
      <Filter>Generated Files</Filter>
    </ClCompile>
    <ClCompile Include="GeneratedFiles\Debug\moc_metabolicpathviewer.cpp">
      <Filter>Generated Files</Filter>
    </ClCompile>
    <ClCompile Include="GeneratedFiles\Release\moc_metabolicpathviewer.cpp">
      <Filter>Generated Files</Filter>
    </ClCompile>
    <ClCompile Include="GeneratedFiles\Debug + Preprocessor\moc_MetabolicTree.cpp">
      <Filter>Generated Files</Filter>
    </ClCompile>
    <ClCompile Include="GeneratedFiles\Debug\moc_MetabolicTree.cpp">
      <Filter>Generated Files</Filter>
    </ClCompile>
    <ClCompile Include="GeneratedFiles\Release\moc_MetabolicTree.cpp">
      <Filter>Generated Files</Filter>
    </ClCompile>
    <ClCompile Include="GeneratedFiles\Debug\moc_metabolicwalker.cpp">
      <Filter>Generated Files</Filter>
    </ClCompile>
    <ClCompile Include="GeneratedFiles\Release\moc_metabolicwalker.cpp">
      <Filter>Generated Files</Filter>
    </ClCompile>
    <ClCompile Include="GeneratedFiles\Release\moc_metabolitesviewer.cpp">
      <Filter>Generated Files</Filter>
    </ClCompile>
    <ClCompile Include="GeneratedFiles\Debug\moc_metabolitesviewer.cpp">
      <Filter>Generated Files</Filter>
    </ClCompile>
    <ClCompile Include="GeneratedFiles\Debug + Preprocessor\moc_metabolitesviewer.cpp">
      <Filter>Generated Files</Filter>
    </ClCompile>
    <ClCompile Include="GeneratedFiles\Release\moc_MyAlgorithms.cpp">
      <Filter>Generated Files</Filter>
    </ClCompile>
    <ClCompile Include="GeneratedFiles\Debug\moc_MyAlgorithms.cpp">
      <Filter>Generated Files</Filter>
    </ClCompile>
    <ClCompile Include="GeneratedFiles\Release\moc_mylabel.cpp">
      <Filter>Generated Files</Filter>
    </ClCompile>
    <ClCompile Include="GeneratedFiles\Debug\moc_mylabel.cpp">
      <Filter>Generated Files</Filter>
    </ClCompile>
    <ClCompile Include="GeneratedFiles\Debug\moc_mylineedit.cpp">
      <Filter>Generated Files</Filter>
    </ClCompile>
    <ClCompile Include="GeneratedFiles\Release\moc_mylineedit.cpp">
      <Filter>Generated Files</Filter>
    </ClCompile>
    <ClCompile Include="GeneratedFiles\Debug\moc_mytextedit.cpp">
      <Filter>Generated Files</Filter>
    </ClCompile>
    <ClCompile Include="GeneratedFiles\Release\moc_mytextedit.cpp">
      <Filter>Generated Files</Filter>
    </ClCompile>
    <ClCompile Include="GeneratedFiles\Release\moc_palssonkeggconverter.cpp">
      <Filter>Generated Files</Filter>
    </ClCompile>
    <ClCompile Include="GeneratedFiles\Debug + Preprocessor\moc_palssonkeggconverter.cpp">
      <Filter>Generated Files</Filter>
    </ClCompile>
    <ClCompile Include="GeneratedFiles\Debug\moc_palssonkeggconverter.cpp">
      <Filter>Generated Files</Filter>
    </ClCompile>
    <ClCompile Include="GeneratedFiles\Release\moc_pathfinder.cpp">
      <Filter>Generated Files</Filter>
    </ClCompile>
    <ClCompile Include="GeneratedFiles\Debug\moc_pathfinder.cpp">
      <Filter>Generated Files</Filter>
    </ClCompile>
    <ClCompile Include="GeneratedFiles\Release\moc_progressdialog.cpp">
      <Filter>Generated Files</Filter>
    </ClCompile>
    <ClCompile Include="GeneratedFiles\Debug\moc_progressdialog.cpp">
      <Filter>Generated Files</Filter>
    </ClCompile>
    <ClCompile Include="GeneratedFiles\Debug + Preprocessor\moc_progressdialog.cpp">
      <Filter>Generated Files</Filter>
    </ClCompile>
    <ClCompile Include="GeneratedFiles\Release\moc_scopecheck.cpp">
      <Filter>Generated Files</Filter>
    </ClCompile>
    <ClCompile Include="GeneratedFiles\Debug\moc_scopecheck.cpp">
      <Filter>Generated Files</Filter>
    </ClCompile>
    <ClCompile Include="GeneratedFiles\Release\moc_searchdialog.cpp">
      <Filter>Generated Files</Filter>
    </ClCompile>
    <ClCompile Include="GeneratedFiles\Debug\moc_searchdialog.cpp">
      <Filter>Generated Files</Filter>
    </ClCompile>
    <ClCompile Include="GeneratedFiles\Debug + Preprocessor\moc_selectlabeldialog.cpp">
      <Filter>Generated Files</Filter>
    </ClCompile>
    <ClCompile Include="GeneratedFiles\Debug\moc_selectlabeldialog.cpp">
      <Filter>Generated Files</Filter>
    </ClCompile>
    <ClCompile Include="GeneratedFiles\Release\moc_selectlabeldialog.cpp">
      <Filter>Generated Files</Filter>
    </ClCompile>
    <ClCompile Include="GeneratedFiles\Debug\moc_startupoptions.cpp">
      <Filter>Generated Files</Filter>
    </ClCompile>
    <ClCompile Include="GeneratedFiles\Release\moc_startupoptions.cpp">
      <Filter>Generated Files</Filter>
    </ClCompile>
    <ClCompile Include="GeneratedFiles\Release\moc_svgview.cpp">
      <Filter>Generated Files</Filter>
    </ClCompile>
    <ClCompile Include="GeneratedFiles\Debug\moc_svgview.cpp">
      <Filter>Generated Files</Filter>
    </ClCompile>
    <ClCompile Include="GeneratedFiles\Release\moc_svgwindow.cpp">
      <Filter>Generated Files</Filter>
    </ClCompile>
    <ClCompile Include="GeneratedFiles\Debug\moc_svgwindow.cpp">
      <Filter>Generated Files</Filter>
    </ClCompile>
    <ClCompile Include="GeneratedFiles\Debug + Preprocessor\moc_svgwindow.cpp">
      <Filter>Generated Files</Filter>
    </ClCompile>
    <ClCompile Include="GeneratedFiles\Debug\moc_transitionview.cpp">
      <Filter>Generated Files</Filter>
    </ClCompile>
    <ClCompile Include="GeneratedFiles\Release\moc_transitionview.cpp">
      <Filter>Generated Files</Filter>
    </ClCompile>
    <ClCompile Include="GeneratedFiles\Debug + Preprocessor\moc_transitionview.cpp">
      <Filter>Generated Files</Filter>
    </ClCompile>
    <ClCompile Include="ChemFormula.cpp">
      <Filter>Source Files</Filter>
    </ClCompile>
    <ClCompile Include="commonswidget.cpp">
      <Filter>Source Files</Filter>
    </ClCompile>
    <ClCompile Include="Compound.cpp">
      <Filter>Source Files</Filter>
    </ClCompile>
    <ClCompile Include="ConnectionObject.cpp">
      <Filter>Source Files</Filter>
    </ClCompile>
    <ClCompile Include="Enzyme.cpp">
      <Filter>Source Files</Filter>
    </ClCompile>
    <ClCompile Include="Equation.cpp">
      <Filter>Source Files</Filter>
    </ClCompile>
    <ClCompile Include="FateMapCompound.cpp">
      <Filter>Source Files</Filter>
    </ClCompile>
    <ClCompile Include="Helper.cpp">
      <Filter>Source Files</Filter>
    </ClCompile>
    <ClCompile Include="ImportCompoundsFromKegg.cpp">
      <Filter>Source Files</Filter>
    </ClCompile>
    <ClCompile Include="ImportEnzymesFromKegg.cpp">
      <Filter>Source Files</Filter>
    </ClCompile>
    <ClCompile Include="ImportOrganism.cpp">
      <Filter>Source Files</Filter>
    </ClCompile>
    <ClCompile Include="ImportReactionsFromKegg.cpp">
      <Filter>Source Files</Filter>
    </ClCompile>
    <ClCompile Include="ImportSBML.cpp">
      <Filter>Source Files</Filter>
    </ClCompile>
    <ClCompile Include="importthread.cpp">
      <Filter>Source Files</Filter>
    </ClCompile>
    <ClCompile Include="MetabolicPath.cpp">
      <Filter>Source Files</Filter>
    </ClCompile>
    <ClCompile Include="MetabolicTree.cpp">
      <Filter>Source Files</Filter>
    </ClCompile>
    <ClCompile Include="MetaboliteObject.cpp">
      <Filter>Source Files</Filter>
    </ClCompile>
    <ClCompile Include="MyAlgorithms.cpp">
      <Filter>Source Files</Filter>
    </ClCompile>
    <ClCompile Include="Options.cpp">
      <Filter>Source Files</Filter>
    </ClCompile>
    <ClCompile Include="Organism.cpp">
      <Filter>Source Files</Filter>
    </ClCompile>
    <ClCompile Include="OrganismBuildRule.cpp">
      <Filter>Source Files</Filter>
    </ClCompile>
    <ClCompile Include="Pool.cpp">
      <Filter>Source Files</Filter>
    </ClCompile>
    <ClCompile Include="Reaction.cpp">
      <Filter>Source Files</Filter>
    </ClCompile>
    <ClCompile Include="ReadOrganismsFromKegg.cpp">
      <Filter>Source Files</Filter>
    </ClCompile>
    <ClCompile Include="TreeNode.cpp">
      <Filter>Source Files</Filter>
    </ClCompile>
    <ClCompile Include="UserDataset.cpp">
      <Filter>Source Files</Filter>
    </ClCompile>
    <ClCompile Include="about.cpp">
      <Filter>Source Files\GUI</Filter>
    </ClCompile>
    <ClCompile Include="browsecompoundswidget.cpp">
      <Filter>Source Files\GUI</Filter>
    </ClCompile>
    <ClCompile Include="browsedatasets.cpp">
      <Filter>Source Files\GUI</Filter>
    </ClCompile>
    <ClCompile Include="browseorganismswidget.cpp">
      <Filter>Source Files\GUI</Filter>
    </ClCompile>
    <ClCompile Include="browsereactionswidget.cpp">
      <Filter>Source Files\GUI</Filter>
    </ClCompile>
    <ClCompile Include="buildorganismwidget.cpp">
      <Filter>Source Files\GUI</Filter>
    </ClCompile>
    <ClCompile Include="calculatelinkedreactions.cpp">
      <Filter>Source Files\GUI</Filter>
    </ClCompile>
    <ClCompile Include="dragwidget.cpp">
      <Filter>Source Files\GUI</Filter>
    </ClCompile>
    <ClCompile Include="importkegg.cpp">
      <Filter>Source Files\GUI</Filter>
    </ClCompile>
    <ClCompile Include="importuserdatasets.cpp">
      <Filter>Source Files\GUI</Filter>
    </ClCompile>
    <ClCompile Include="labelpositionassistent.cpp">
      <Filter>Source Files\GUI</Filter>
    </ClCompile>
    <ClCompile Include="logwidget.cpp">
      <Filter>Source Files\GUI</Filter>
    </ClCompile>
    <ClCompile Include="main.cpp">
      <Filter>Source Files\GUI</Filter>
    </ClCompile>
    <ClCompile Include="metabolicnavigator.cpp">
      <Filter>Source Files\GUI</Filter>
    </ClCompile>
    <ClCompile Include="metabolicpathviewer.cpp">
      <Filter>Source Files\GUI</Filter>
    </ClCompile>
    <ClCompile Include="metabolicwalker.cpp">
      <Filter>Source Files\GUI</Filter>
    </ClCompile>
    <ClCompile Include="metabolitesviewer.cpp">
      <Filter>Source Files\GUI</Filter>
    </ClCompile>
    <ClCompile Include="mylabel.cpp">
      <Filter>Source Files\GUI</Filter>
    </ClCompile>
    <ClCompile Include="mylineedit.cpp">
      <Filter>Source Files\GUI</Filter>
    </ClCompile>
    <ClCompile Include="mytextedit.cpp">
      <Filter>Source Files\GUI</Filter>
    </ClCompile>
    <ClCompile Include="palssonkeggconverter.cpp">
      <Filter>Source Files\GUI</Filter>
    </ClCompile>
    <ClCompile Include="pathfinder.cpp">
      <Filter>Source Files\GUI</Filter>
    </ClCompile>
    <ClCompile Include="progressdialog.cpp">
      <Filter>Source Files\GUI</Filter>
    </ClCompile>
    <ClCompile Include="scopecheck.cpp">
      <Filter>Source Files\GUI</Filter>
    </ClCompile>
    <ClCompile Include="searchdialog.cpp">
      <Filter>Source Files\GUI</Filter>
    </ClCompile>
    <ClCompile Include="selectlabeldialog.cpp">
      <Filter>Source Files\GUI</Filter>
    </ClCompile>
    <ClCompile Include="startupoptions.cpp">
      <Filter>Source Files\GUI</Filter>
    </ClCompile>
    <ClCompile Include="svgviewer\svgview.cpp">
      <Filter>Source Files\SvgViewer</Filter>
    </ClCompile>
    <ClCompile Include="svgviewer\svgviewer.cpp">
      <Filter>Source Files\SvgViewer</Filter>
    </ClCompile>
    <ClCompile Include="svgviewer\svgwindow.cpp">
      <Filter>Source Files\SvgViewer</Filter>
    </ClCompile>
    <ClCompile Include="GraphvizEdgeAttributes.cpp">
      <Filter>Source Files\Graphviz</Filter>
    </ClCompile>
    <ClCompile Include="GraphvizNodeAttributes.cpp">
      <Filter>Source Files\Graphviz</Filter>
    </ClCompile>
    <ClCompile Include="CompoundDefinition.cpp">
      <Filter>Source Files\RPair</Filter>
    </ClCompile>
    <ClCompile Include="CompoundTransition.cpp">
      <Filter>Source Files\RPair</Filter>
    </ClCompile>
    <ClCompile Include="ImportFateMapsMu.cpp">
      <Filter>Source Files\RPair</Filter>
    </ClCompile>
    <ClCompile Include="ImportRPairsFromKegg.cpp">
      <Filter>Source Files\RPair</Filter>
    </ClCompile>
    <ClCompile Include="Polynom.cpp">
      <Filter>Source Files\RPair</Filter>
    </ClCompile>
    <ClCompile Include="RPair.cpp">
      <Filter>Source Files\RPair</Filter>
    </ClCompile>
    <ClCompile Include="TransitionMatrix.cpp">
      <Filter>Source Files\RPair</Filter>
    </ClCompile>
    <ClCompile Include="transitionview.cpp">
      <Filter>Source Files\RPair</Filter>
    </ClCompile>
  </ItemGroup>
  <ItemGroup>
    <CustomBuildStep Include="GeneratedFiles\ui_dragwidget.h">
      <Filter>Generated Files</Filter>
    </CustomBuildStep>
    <CustomBuildStep Include="GeneratedFiles\ui_metabolicwalker.h">
      <Filter>Generated Files</Filter>
    </CustomBuildStep>
  </ItemGroup>
  <ItemGroup>
    <CustomBuild Include="Compound.h">
      <Filter>Header Files</Filter>
    </CustomBuild>
    <CustomBuild Include="Equation.h">
      <Filter>Header Files</Filter>
    </CustomBuild>
    <CustomBuild Include="ImportEnzymesFromKegg.h">
      <Filter>Header Files</Filter>
    </CustomBuild>
    <CustomBuild Include="ImportReactionsFromKegg.h">
      <Filter>Header Files</Filter>
    </CustomBuild>
    <CustomBuild Include="ImportSBML.h">
      <Filter>Header Files</Filter>
    </CustomBuild>
    <CustomBuild Include="importthread.h">
      <Filter>Header Files</Filter>
    </CustomBuild>
    <CustomBuild Include="MetabolicTree.h">
      <Filter>Header Files</Filter>
    </CustomBuild>
    <CustomBuild Include="MyAlgorithms.h">
      <Filter>Header Files</Filter>
    </CustomBuild>
    <CustomBuild Include="about.h">
      <Filter>Header Files\GUI</Filter>
    </CustomBuild>
    <CustomBuild Include="browsecompoundswidget.h">
      <Filter>Header Files\GUI</Filter>
    </CustomBuild>
    <CustomBuild Include="browsedatasets.h">
      <Filter>Header Files\GUI</Filter>
    </CustomBuild>
    <CustomBuild Include="browseorganismswidget.h">
      <Filter>Header Files\GUI</Filter>
    </CustomBuild>
    <CustomBuild Include="browsereactionswidget.h">
      <Filter>Header Files\GUI</Filter>
    </CustomBuild>
    <CustomBuild Include="buildorganismwidget.h">
      <Filter>Header Files\GUI</Filter>
    </CustomBuild>
    <CustomBuild Include="calculatelinkedreactions.h">
      <Filter>Header Files\GUI</Filter>
    </CustomBuild>
    <CustomBuild Include="commonswidget.h">
      <Filter>Header Files\GUI</Filter>
    </CustomBuild>
    <CustomBuild Include="dragwidget.h">
      <Filter>Header Files\GUI</Filter>
    </CustomBuild>
    <CustomBuild Include="importkegg.h">
      <Filter>Header Files\GUI</Filter>
    </CustomBuild>
    <CustomBuild Include="importuserdatasets.h">
      <Filter>Header Files\GUI</Filter>
    </CustomBuild>
    <CustomBuild Include="labelpositionassistent.h">
      <Filter>Header Files\GUI</Filter>
    </CustomBuild>
    <CustomBuild Include="logwidget.h">
      <Filter>Header Files\GUI</Filter>
    </CustomBuild>
    <CustomBuild Include="metabolicnavigator.h">
      <Filter>Header Files\GUI</Filter>
    </CustomBuild>
    <CustomBuild Include="metabolicpathviewer.h">
      <Filter>Header Files\GUI</Filter>
    </CustomBuild>
    <CustomBuild Include="metabolicwalker.h">
      <Filter>Header Files\GUI</Filter>
    </CustomBuild>
    <CustomBuild Include="metabolitesviewer.h">
      <Filter>Header Files\GUI</Filter>
    </CustomBuild>
    <CustomBuild Include="mylabel.h">
      <Filter>Header Files\GUI</Filter>
    </CustomBuild>
    <CustomBuild Include="mylineedit.h">
      <Filter>Header Files\GUI</Filter>
    </CustomBuild>
    <CustomBuild Include="mytextedit.h">
      <Filter>Header Files\GUI</Filter>
    </CustomBuild>
    <CustomBuild Include="palssonkeggconverter.h">
      <Filter>Header Files\GUI</Filter>
    </CustomBuild>
    <CustomBuild Include="pathfinder.h">
      <Filter>Header Files\GUI</Filter>
    </CustomBuild>
    <CustomBuild Include="progressdialog.h">
      <Filter>Header Files\GUI</Filter>
    </CustomBuild>
    <CustomBuild Include="scopecheck.h">
      <Filter>Header Files\GUI</Filter>
    </CustomBuild>
    <CustomBuild Include="searchdialog.h">
      <Filter>Header Files\GUI</Filter>
    </CustomBuild>
    <CustomBuild Include="selectlabeldialog.h">
      <Filter>Header Files\GUI</Filter>
    </CustomBuild>
    <CustomBuild Include="startupoptions.h">
      <Filter>Header Files\GUI</Filter>
    </CustomBuild>
    <CustomBuild Include="svgviewer\svgview.h">
      <Filter>Header Files\SvgViewer</Filter>
    </CustomBuild>
    <CustomBuild Include="svgviewer\svgviewer.h">
      <Filter>Header Files\SvgViewer</Filter>
    </CustomBuild>
    <CustomBuild Include="svgviewer\svgwindow.h">
      <Filter>Header Files\SvgViewer</Filter>
    </CustomBuild>
    <CustomBuild Include="ImportFateMapsMu.h">
      <Filter>Header Files\RPair</Filter>
    </CustomBuild>
    <CustomBuild Include="ImportRPairsFromKegg.h">
      <Filter>Header Files\RPair</Filter>
    </CustomBuild>
    <CustomBuild Include="transitionview.h">
      <Filter>Header Files\RPair</Filter>
    </CustomBuild>
    <CustomBuild Include="about.ui">
      <Filter>Form Files</Filter>
    </CustomBuild>
    <CustomBuild Include="browsecompoundswidget.ui">
      <Filter>Form Files</Filter>
    </CustomBuild>
    <CustomBuild Include="browsedatasets.ui">
      <Filter>Form Files</Filter>
    </CustomBuild>
    <CustomBuild Include="browseorganismswidget.ui">
      <Filter>Form Files</Filter>
    </CustomBuild>
    <CustomBuild Include="browsereactionswidget.ui">
      <Filter>Form Files</Filter>
    </CustomBuild>
    <CustomBuild Include="buildorganismwidget.ui">
      <Filter>Form Files</Filter>
    </CustomBuild>
    <CustomBuild Include="calculatelinkedreactions.ui">
      <Filter>Form Files</Filter>
    </CustomBuild>
    <CustomBuild Include="commonswidget.ui">
      <Filter>Form Files</Filter>
    </CustomBuild>
    <CustomBuild Include="dragwidget.ui">
      <Filter>Form Files</Filter>
    </CustomBuild>
    <CustomBuild Include="importkegg.ui">
      <Filter>Form Files</Filter>
    </CustomBuild>
    <CustomBuild Include="importuserdatasets.ui">
      <Filter>Form Files</Filter>
    </CustomBuild>
    <CustomBuild Include="labelpositionassistent.ui">
      <Filter>Form Files</Filter>
    </CustomBuild>
    <CustomBuild Include="logwidget.ui">
      <Filter>Form Files</Filter>
    </CustomBuild>
    <CustomBuild Include="metabolicnavigator.ui">
      <Filter>Form Files</Filter>
    </CustomBuild>
    <CustomBuild Include="metabolicpathviewer.ui">
      <Filter>Form Files</Filter>
    </CustomBuild>
    <CustomBuild Include="metabolicwalker.ui">
      <Filter>Form Files</Filter>
    </CustomBuild>
    <CustomBuild Include="metabolitesviewer.ui">
      <Filter>Form Files</Filter>
    </CustomBuild>
    <CustomBuild Include="mylabel.ui">
      <Filter>Form Files</Filter>
    </CustomBuild>
    <CustomBuild Include="mylineedit.ui">
      <Filter>Form Files</Filter>
    </CustomBuild>
    <CustomBuild Include="mytextedit.ui">
      <Filter>Form Files</Filter>
    </CustomBuild>
    <CustomBuild Include="palssonkeggconverter.ui">
      <Filter>Form Files</Filter>
    </CustomBuild>
    <CustomBuild Include="pathfinder.ui">
      <Filter>Form Files</Filter>
    </CustomBuild>
    <CustomBuild Include="progressdialog.ui">
      <Filter>Form Files</Filter>
    </CustomBuild>
    <CustomBuild Include="scopecheck.ui">
      <Filter>Form Files</Filter>
    </CustomBuild>
    <CustomBuild Include="searchdialog.ui">
      <Filter>Form Files</Filter>
    </CustomBuild>
    <CustomBuild Include="selectlabeldialog.ui">
      <Filter>Form Files</Filter>
    </CustomBuild>
    <CustomBuild Include="startupoptions.ui">
      <Filter>Form Files</Filter>
    </CustomBuild>
    <CustomBuild Include="transitionview.ui">
      <Filter>Form Files</Filter>
    </CustomBuild>
    <CustomBuild Include="metabolicnavigator.qrc">
      <Filter>Resource Files</Filter>
    </CustomBuild>
    <CustomBuild Include="Metabolic Navigator.ico" />
  </ItemGroup>
</Project>